# Generated by buf. DO NOT EDIT.
version: v2
deps:
  - name: buf.build/googleapis/googleapis
    commit: 83c0f6c19b2f4ea0b0fd84a80e753659
    digest: b5:e9d077ad9d2eaa08a056108a15292a69548880d3a935781c498f2e591e60e531e49e1f5fc1d7356e5f989d3a8540e9885a02df18cb0cecc4ffa439fa4438a09e
  - name: buf.build/northpolesec/protos
    commit: 5b8cc4eb768b48d2847b95dbe3efd6bd
    digest: b5:680d4705b5c1900f95e34a3581000a9312316da617eaa1587d4d4ae372aabe49a40f2d4be11dcbf7e7a74b4f390f91e0745dd702995e828bdb10cd8f8cf332f6
